
Microsoft Visual Studio Solution File, Format Version 12.00
# Visual Studio Version 17
VisualStudioVersion = 17.1.32407.343
MinimumVisualStudioVersion = 10.0.40219.1
Project("{9A19103F-16F7-4668-BE54-9A1E7A4F7556}") = "OrientacaoObjeto001", "OrientacaoObjeto\OrientacaoObjeto001.csproj", "{0DEB2B27-8BB1-4E21-84B2-711637746E21}"
EndProject
Project("{FAE04EC0-301F-11D3-BF4B-00C04F79EFBC}") = "OrientacaoObjeto002", "OrientacaoObjeto002\OrientacaoObjeto002.csproj", "{1CCE7C60-E187-483A-A1C6-47A6C603E6AF}"
EndProject
Global
	GlobalSection(SolutionConfigurationPlatforms) = preSolution
		Debug|Any CPU = Debug|Any CPU
		Release|Any CPU = Release|Any CPU
	EndGlobalSection
	GlobalSection(ProjectConfigurationPlatforms) = postSolution
		{0DEB2B27-8BB1-4E21-84B2-711637746E21}.Debug|Any CPU.ActiveCfg = Debug|Any CPU
		{0DEB2B27-8BB1-4E21-84B2-711637746E21}.Debug|Any CPU.Build.0 = Debug|Any CPU
		{0DEB2B27-8BB1-4E21-84B2-711637746E21}.Release|Any CPU.ActiveCfg = Release|Any CPU
		{0DEB2B27-8BB1-4E21-84B2-711637746E21}.Release|Any CPU.Build.0 = Release|Any CPU
		{1CCE7C60-E187-483A-A1C6-47A6C603E6AF}.Debug|Any CPU.ActiveCfg = Debug|Any CPU
		{1CCE7C60-E187-483A-A1C6-47A6C603E6AF}.Debug|Any CPU.Build.0 = Debug|Any CPU
		{1CCE7C60-E187-483A-A1C6-47A6C603E6AF}.Release|Any CPU.ActiveCfg = Release|Any CPU
		{1CCE7C60-E187-483A-A1C6-47A6C603E6AF}.Release|Any CPU.Build.0 = Release|Any CPU
	EndGlobalSection
	GlobalSection(SolutionProperties) = preSolution
		HideSolutionNode = FALSE
	EndGlobalSection
	GlobalSection(ExtensibilityGlobals) = postSolution
		SolutionGuid = {D68A738A-ADEF-4DC9-8A87-2451CFCE65B9}
	EndGlobalSection
EndGlobal
